
Microsoft Visual Studio Solution File, Format Version 12.00
# Visual Studio Version 16
VisualStudioVersion = 16.0.30717.126
MinimumVisualStudioVersion = 10.0.40219.1
Project("{FAE04EC0-301F-11D3-BF4B-00C04F79EFBC}") = "Dispatcher", "Dispatcher\Dispatcher.csproj", "{9BF3F364-0944-4A7C-B561-24102F8A6911}"
EndProject
Global
	GlobalSection(SolutionConfigurationPlatforms) = preSolution
		Debug|Any CPU = Debug|Any CPU
		Release|Any CPU = Release|Any CPU
	EndGlobalSection
	GlobalSection(ProjectConfigurationPlatforms) = postSolution
		{9BF3F364-0944-4A7C-B561-24102F8A6911}.Debug|Any CPU.ActiveCfg = Debug|Any CPU
		{9BF3F364-0944-4A7C-B561-24102F8A6911}.Debug|Any CPU.Build.0 = Debug|Any CPU
		{9BF3F364-0944-4A7C-B561-24102F8A6911}.Release|Any CPU.ActiveCfg = Release|Any CPU
		{9BF3F364-0944-4A7C-B561-24102F8A6911}.Release|Any CPU.Build.0 = Release|Any CPU
	EndGlobalSection
	GlobalSection(SolutionProperties) = preSolution
		HideSolutionNode = FALSE
	EndGlobalSection
	GlobalSection(ExtensibilityGlobals) = postSolution
		SolutionGuid = {BB0B1962-681B-4080-B4F2-9F891CA0D63B}
	EndGlobalSection
EndGlobal
